
Microsoft Visual Studio Solution File, Format Version 12.00
# Visual Studio Version 17
VisualStudioVersion = 17.10.35013.160
MinimumVisualStudioVersion = 10.0.40219.1
Project("{FAE04EC0-301F-11D3-BF4B-00C04F79EFBC}") = "UPC_DropDown", "UPC_DropDown.csproj", "{B5335ABA-E8C0-4304-9A5A-E942635E5790}"
EndProject
Global
	GlobalSection(SolutionConfigurationPlatforms) = preSolution
		Debug|Any CPU = Debug|Any CPU
		Release|Any CPU = Release|Any CPU
	EndGlobalSection
	GlobalSection(ProjectConfigurationPlatforms) = postSolution
		{B5335ABA-E8C0-4304-9A5A-E942635E5790}.Debug|Any CPU.ActiveCfg = Debug|Any CPU
		{B5335ABA-E8C0-4304-9A5A-E942635E5790}.Debug|Any CPU.Build.0 = Debug|Any CPU
		{B5335ABA-E8C0-4304-9A5A-E942635E5790}.Release|Any CPU.ActiveCfg = Release|Any CPU
		{B5335ABA-E8C0-4304-9A5A-E942635E5790}.Release|Any CPU.Build.0 = Release|Any CPU
	EndGlobalSection
	GlobalSection(SolutionProperties) = preSolution
		HideSolutionNode = FALSE
	EndGlobalSection
	GlobalSection(ExtensibilityGlobals) = postSolution
		SolutionGuid = {D93A889F-8379-4899-B5E6-763A5BA31722}
	EndGlobalSection
EndGlobal
